
Microsoft Visual Studio Solution File, Format Version 12.00
# Visual Studio 15
VisualStudioVersion = 15.0.28307.572
MinimumVisualStudioVersion = 10.0.40219.1
Project("{FAE04EC0-301F-11D3-BF4B-00C04F79EFBC}") = "DECCA2", "DECCA2\DECCA2.csproj", "{1CADF659-3033-4BC3-B07A-C97E257F5F6E}"
EndProject
Global
	GlobalSection(SolutionConfigurationPlatforms) = preSolution
		Debug|Any CPU = Debug|Any CPU
		Release|Any CPU = Release|Any CPU
	EndGlobalSection
	GlobalSection(ProjectConfigurationPlatforms) = postSolution
		{1CADF659-3033-4BC3-B07A-C97E257F5F6E}.Debug|Any CPU.ActiveCfg = Debug|Any CPU
		{1CADF659-3033-4BC3-B07A-C97E257F5F6E}.Debug|Any CPU.Build.0 = Debug|Any CPU
		{1CADF659-3033-4BC3-B07A-C97E257F5F6E}.Release|Any CPU.ActiveCfg = Release|Any CPU
		{1CADF659-3033-4BC3-B07A-C97E257F5F6E}.Release|Any CPU.Build.0 = Release|Any CPU
	EndGlobalSection
	GlobalSection(SolutionProperties) = preSolution
		HideSolutionNode = FALSE
	EndGlobalSection
	GlobalSection(ExtensibilityGlobals) = postSolution
		SolutionGuid = {898DCFC0-E190-4E20-AC5F-1B3E91415ED7}
	EndGlobalSection
EndGlobal
